
Microsoft Visual Studio Solution File, Format Version 12.00
# Visual Studio Version 16
VisualStudioVersion = 16.0.30717.126
MinimumVisualStudioVersion = 10.0.40219.1
Project("{FAE04EC0-301F-11D3-BF4B-00C04F79EFBC}") = "IVolt_QuickSizer", "IVolt_QuickSizer\IVolt_QuickSizer.csproj", "{A89E6354-D7FA-4D31-8549-806B402736AB}"
EndProject
Global
	GlobalSection(SolutionConfigurationPlatforms) = preSolution
		Debug|Any CPU = Debug|Any CPU
		Release|Any CPU = Release|Any CPU
	EndGlobalSection
	GlobalSection(ProjectConfigurationPlatforms) = postSolution
		{A89E6354-D7FA-4D31-8549-806B402736AB}.Debug|Any CPU.ActiveCfg = Debug|Any CPU
		{A89E6354-D7FA-4D31-8549-806B402736AB}.Debug|Any CPU.Build.0 = Debug|Any CPU
		{A89E6354-D7FA-4D31-8549-806B402736AB}.Release|Any CPU.ActiveCfg = Release|Any CPU
		{A89E6354-D7FA-4D31-8549-806B402736AB}.Release|Any CPU.Build.0 = Release|Any CPU
	EndGlobalSection
	GlobalSection(SolutionProperties) = preSolution
		HideSolutionNode = FALSE
	EndGlobalSection
	GlobalSection(ExtensibilityGlobals) = postSolution
		SolutionGuid = {CB806CBE-C673-4D5B-A96C-FC6FFC1C3E3F}
	EndGlobalSection
EndGlobal
